
Microsoft Visual Studio Solution File, Format Version 11.00
# Visual Studio 2010
Project("{FAE04EC0-301F-11D3-BF4B-00C04F79EFBC}") = "MvvmLightTest", "MvvmLightTest\MvvmLightTest.csproj", "{AFECB5EF-3371-4D1C-A113-CA55AC23C51A}"
EndProject
Global
	GlobalSection(SolutionConfigurationPlatforms) = preSolution
		Debug|x86 = Debug|x86
		Release|x86 = Release|x86
	EndGlobalSection
	GlobalSection(ProjectConfigurationPlatforms) = postSolution
		{AFECB5EF-3371-4D1C-A113-CA55AC23C51A}.Debug|x86.ActiveCfg = Debug|x86
		{AFECB5EF-3371-4D1C-A113-CA55AC23C51A}.Debug|x86.Build.0 = Debug|x86
		{AFECB5EF-3371-4D1C-A113-CA55AC23C51A}.Release|x86.ActiveCfg = Release|x86
		{AFECB5EF-3371-4D1C-A113-CA55AC23C51A}.Release|x86.Build.0 = Release|x86
	EndGlobalSection
	GlobalSection(SolutionProperties) = preSolution
		HideSolutionNode = FALSE
	EndGlobalSection
EndGlobal
